
Microsoft Visual Studio Solution File, Format Version 12.00
# Visual Studio Version 17
VisualStudioVersion = 17.8.34309.116
MinimumVisualStudioVersion = 10.0.40219.1
Project("{FAE04EC0-301F-11D3-BF4B-00C04F79EFBC}") = "ExceptionExWindowsForms", "ExceptionExWindowsForms\ExceptionExWindowsForms.csproj", "{13B22D33-9CEC-4689-92B2-E61874ED5DDE}"
EndProject
Global
	GlobalSection(SolutionConfigurationPlatforms) = preSolution
		Debug|Any CPU = Debug|Any CPU
		Release|Any CPU = Release|Any CPU
	EndGlobalSection
	GlobalSection(ProjectConfigurationPlatforms) = postSolution
		{13B22D33-9CEC-4689-92B2-E61874ED5DDE}.Debug|Any CPU.ActiveCfg = Debug|Any CPU
		{13B22D33-9CEC-4689-92B2-E61874ED5DDE}.Debug|Any CPU.Build.0 = Debug|Any CPU
		{13B22D33-9CEC-4689-92B2-E61874ED5DDE}.Release|Any CPU.ActiveCfg = Release|Any CPU
		{13B22D33-9CEC-4689-92B2-E61874ED5DDE}.Release|Any CPU.Build.0 = Release|Any CPU
	EndGlobalSection
	GlobalSection(SolutionProperties) = preSolution
		HideSolutionNode = FALSE
	EndGlobalSection
	GlobalSection(ExtensibilityGlobals) = postSolution
		SolutionGuid = {955B89EC-4EC7-47A4-BD0A-B24C6F0E48B1}
	EndGlobalSection
EndGlobal
